// !$*UTF8*$!
{
	archiveVersion = 1;
	classes = {
	};
	objectVersion = 50;
	objects = {

/* Begin PBXBuildFile section */
		F61A1B3720AAA71B00C0D685 /* AppDelegate.swift in Sources */ = {isa = PBXBuildFile; fileRef = F61A1B3620AAA71B00C0D685 /* AppDelegate.swift */; };
		F61A1B3920AAA71B00C0D685 /* ViewController.swift in Sources */ = {isa = PBXBuildFile; fileRef = F61A1B3820AAA71B00C0D685 /* ViewController.swift */; };
		F61A1B3C20AAA71B00C0D685 /* Main.storyboard in Resources */ = {isa = PBXBuildFile; fileRef = F61A1B3A20AAA71B00C0D685 /* Main.storyboard */; };
		F61A1B3E20AAA71E00C0D685 /* Assets.xcassets in Resources */ = {isa = PBXBuildFile; fileRef = F61A1B3D20AAA71E00C0D685 /* Assets.xcassets */; };
		F61A1B4120AAA71E00C0D685 /* LaunchScreen.storyboard in Resources */ = {isa = PBXBuildFile; fileRef = F61A1B3F20AAA71E00C0D685 /* LaunchScreen.storyboard */; };
		F61A1B4F20AAA91A00C0D685 /* pichu@2x.png in Resources */ = {isa = PBXBuildFile; fileRef = F61A1B4920AAA91A00C0D685 /* pichu@2x.png */; };
		F61A1B5020AAA91A00C0D685 /* pikachu@3x.png in Resources */ = {isa = PBXBuildFile; fileRef = F61A1B4A20AAA91A00C0D685 /* pikachu@3x.png */; };
		F61A1B5120AAA91A00C0D685 /* pichu@3x.png in Resources */ = {isa = PBXBuildFile; fileRef = F61A1B4B20AAA91A00C0D685 /* pichu@3x.png */; };
		F61A1B5220AAA91A00C0D685 /* pikachu@2x.png in Resources */ = {isa = PBXBuildFile; fileRef = F61A1B4C20AAA91A00C0D685 /* pikachu@2x.png */; };
		F61A1B5320AAA91A00C0D685 /* raichu@2x.png in Resources */ = {isa = PBXBuildFile; fileRef = F61A1B4D20AAA91A00C0D685 /* raichu@2x.png */; };
		F61A1B5420AAA91A00C0D685 /* raichu@3x.png in Resources */ = {isa = PBXBuildFile; fileRef = F61A1B4E20AAA91A00C0D685 /* raichu@3x.png */; };
/* End PBXBuildFile section */

/* Begin PBXFileReference section */
		F61A1B3320AAA71B00C0D685 /* Dynamic.app */ = {isa = PBXFileReference; explicitFileType = wrapper.application; includeInIndex = 0; path = Dynamic.app; sourceTree = BUILT_PRODUCTS_DIR; };
		F61A1B3620AAA71B00C0D685 /* AppDelegate.swift */ = {isa = PBXFileReference; lastKnownFileType = sourcecode.swift; path = AppDelegate.swift; sourceTree = "<group>"; };
		F61A1B3820AAA71B00C0D685 /* ViewController.swift */ = {isa = PBXFileReference; lastKnownFileType = sourcecode.swift; path = ViewController.swift; sourceTree = "<group>"; };
		F61A1B3B20AAA71B00C0D685 /* Base */ = {isa = PBXFileReference; lastKnownFileType = file.storyboard; name = Base; path = Base.lproj/Main.storyboard; sourceTree = "<group>"; };
		F61A1B3D20AAA71E00C0D685 /* Assets.xcassets */ = {isa = PBXFileReference; lastKnownFileType = folder.assetcatalog; path = Assets.xcassets; sourceTree = "<group>"; };
		F61A1B4020AAA71E00C0D685 /* Base */ = {isa = PBXFileReference; lastKnownFileType = file.storyboard; name = Base; path = Base.lproj/LaunchScreen.storyboard; sourceTree = "<group>"; };
		F61A1B4220AAA71E00C0D685 /* Info.plist */ = {isa = PBXFileReference; lastKnownFileType = text.plist.xml; path = Info.plist; sourceTree = "<group>"; };
		F61A1B4920AAA91A00C0D685 /* pichu@2x.png */ = {isa = PBXFileReference; lastKnownFileType = image.png; path = "pichu@2x.png"; sourceTree = "<group>"; };
		F61A1B4A20AAA91A00C0D685 /* pikachu@3x.png */ = {isa = PBXFileReference; lastKnownFileType = image.png; path = "pikachu@3x.png"; sourceTree = "<group>"; };
		F61A1B4B20AAA91A00C0D685 /* pichu@3x.png */ = {isa = PBXFileReference; lastKnownFileType = image.png; path = "pichu@3x.png"; sourceTree = "<group>"; };
		F61A1B4C20AAA91A00C0D685 /* pikachu@2x.png */ = {isa = PBXFileReference; lastKnownFileType = image.png; path = "pikachu@2x.png"; sourceTree = "<group>"; };
		F61A1B4D20AAA91A00C0D685 /* raichu@2x.png */ = {isa = PBXFileReference; lastKnownFileType = image.png; path = "raichu@2x.png"; sourceTree = "<group>"; };
		F61A1B4E20AAA91A00C0D685 /* raichu@3x.png */ = {isa = PBXFileReference; lastKnownFileType = image.png; path = "raichu@3x.png"; sourceTree = "<group>"; };
/* End PBXFileReference section */

/* Begin PBXFrameworksBuildPhase section */
		F61A1B3020AAA71B00C0D685 /* Frameworks */ = {
			isa = PBXFrameworksBuildPhase;
			buildActionMask = 2147483647;
			files = (
			);
			runOnlyForDeploymentPostprocessing = 0;
		};
/* End PBXFrameworksBuildPhase section */

/* Begin PBXGroup section */
		F61A1B2A20AAA71B00C0D685 = {
			isa = PBXGroup;
			children = (
				F61A1B3520AAA71B00C0D685 /* Dynamic */,
				F61A1B3420AAA71B00C0D685 /* Products */,
			);
			sourceTree = "<group>";
		};
		F61A1B3420AAA71B00C0D685 /* Products */ = {
			isa = PBXGroup;
			children = (
				F61A1B3320AAA71B00C0D685 /* Dynamic.app */,
			);
			name = Products;
			sourceTree = "<group>";
		};
		F61A1B3520AAA71B00C0D685 /* Dynamic */ = {
			isa = PBXGroup;
			children = (
				F61A1B4820AAA90A00C0D685 /* Icons */,
				F61A1B3620AAA71B00C0D685 /* AppDelegate.swift */,
				F61A1B3820AAA71B00C0D685 /* ViewController.swift */,
				F61A1B3A20AAA71B00C0D685 /* Main.storyboard */,
				F61A1B3D20AAA71E00C0D685 /* Assets.xcassets */,
				F61A1B3F20AAA71E00C0D685 /* LaunchScreen.storyboard */,
				F61A1B4220AAA71E00C0D685 /* Info.plist */,
			);
			path = Dynamic;
			sourceTree = "<group>";
		};
		F61A1B4820AAA90A00C0D685 /* Icons */ = {
			isa = PBXGroup;
			children = (
				F61A1B4920AAA91A00C0D685 /* pichu@2x.png */,
				F61A1B4B20AAA91A00C0D685 /* pichu@3x.png */,
				F61A1B4C20AAA91A00C0D685 /* pikachu@2x.png */,
				F61A1B4A20AAA91A00C0D685 /* pikachu@3x.png */,
				F61A1B4D20AAA91A00C0D685 /* raichu@2x.png */,
				F61A1B4E20AAA91A00C0D685 /* raichu@3x.png */,
			);
			path = Icons;
			sourceTree = "<group>";
		};
/* End PBXGroup section */

/* Begin PBXNativeTarget section */
		F61A1B3220AAA71B00C0D685 /* Dynamic */ = {
			isa = PBXNativeTarget;
			buildConfigurationList = F61A1B4520AAA71E00C0D685 /* Build configuration list for PBXNativeTarget "Dynamic" */;
			buildPhases = (
				F61A1B2F20AAA71B00C0D685 /* Sources */,
				F61A1B3020AAA71B00C0D685 /* Frameworks */,
				F61A1B3120AAA71B00C0D685 /* Resources */,
			);
			buildRules = (
			);
			dependencies = (
			);
			name = Dynamic;
			productName = Dynamic;
			productReference = F61A1B3320AAA71B00C0D685 /* Dynamic.app */;
			productType = "com.apple.product-type.application";
		};
/* End PBXNativeTarget section */

/* Begin PBXProject section */
		F61A1B2B20AAA71B00C0D685 /* Project object */ = {
			isa = PBXProject;
			attributes = {
				LastSwiftUpdateCheck = 0930;
				LastUpgradeCheck = 0930;
				ORGANIZATIONNAME = dong;
				TargetAttributes = {
					F61A1B3220AAA71B00C0D685 = {
						CreatedOnToolsVersion = 9.3.1;
					};
				};
			};
			buildConfigurationList = F61A1B2E20AAA71B00C0D685 /* Build configuration list for PBXProject "Dynamic" */;
			compatibilityVersion = "Xcode 9.3";
			developmentRegion = en;
			hasScannedForEncodings = 0;
			knownRegions = (
				en,
				Base,
			);
			mainGroup = F61A1B2A20AAA71B00C0D685;
			productRefGroup = F61A1B3420AAA71B00C0D685 /* Products */;
			projectDirPath = "";
			projectRoot = "";
			targets = (
				F61A1B3220AAA71B00C0D685 /* Dynamic */,
			);
		};
/* End PBXProject section */

/* Begin PBXResourcesBuildPhase section */
		F61A1B3120AAA71B00C0D685 /* Resources */ = {
			isa = PBXResourcesBuildPhase;
			buildActionMask = 2147483647;
			files = (
				F61A1B4120AAA71E00C0D685 /* LaunchScreen.storyboard in Resources */,
				F61A1B5220AAA91A00C0D685 /* pikachu@2x.png in Resources */,
				F61A1B5120AAA91A00C0D685 /* pichu@3x.png in Resources */,
				F61A1B5420AAA91A00C0D685 /* raichu@3x.png in Resources */,
				F61A1B3E20AAA71E00C0D685 /* Assets.xcassets in Resources */,
				F61A1B4F20AAA91A00C0D685 /* pichu@2x.png in Resources */,
				F61A1B5020AAA91A00C0D685 /* pikachu@3x.png in Resources */,
				F61A1B5320AAA91A00C0D685 /* raichu@2x.png in Resources */,
				F61A1B3C20AAA71B00C0D685 /* Main.storyboard in Resources */,
			);
			runOnlyForDeploymentPostprocessing = 0;
		};
/* End PBXResourcesBuildPhase section */

/* Begin PBXSourcesBuildPhase section */
		F61A1B2F20AAA71B00C0D685 /* Sources */ = {
			isa = PBXSourcesBuildPhase;
			buildActionMask = 2147483647;
			files = (
				F61A1B3920AAA71B00C0D685 /* ViewController.swift in Sources */,
				F61A1B3720AAA71B00C0D685 /* AppDelegate.swift in Sources */,
			);
			runOnlyForDeploymentPostprocessing = 0;
		};
/* End PBXSourcesBuildPhase section */

/* Begin PBXVariantGroup section */
		F61A1B3A20AAA71B00C0D685 /* Main.storyboard */ = {
			isa = PBXVariantGroup;
			children = (
				F61A1B3B20AAA71B00C0D685 /* Base */,
			);
			name = Main.storyboard;
			sourceTree = "<group>";
		};
		F61A1B3F20AAA71E00C0D685 /* LaunchScreen.storyboard */ = {
			isa = PBXVariantGroup;
			children = (
				F61A1B4020AAA71E00C0D685 /* Base */,
			);
			name = LaunchScreen.storyboard;
			sourceTree = "<group>";
		};
/* End PBXVariantGroup section */

/* Begin XCBuildConfiguration section */
		F61A1B4320AAA71E00C0D685 /* Debug */ = {
			isa = XCBuildConfiguration;
			buildSettings = {
				ALWAYS_SEARCH_USER_PATHS = NO;
				CLANG_ANALYZER_NONNULL = YES;
				CLANG_ANALYZER_NUMBER_OBJECT_CONVERSION = YES_AGGRESSIVE;
				CLANG_CXX_LANGUAGE_STANDARD = "gnu++14";
				CLANG_CXX_LIBRARY = "libc++";
				CLANG_ENABLE_MODULES = YES;
				CLANG_ENABLE_OBJC_ARC = YES;
				CLANG_ENABLE_OBJC_WEAK = YES;
				CLANG_WARN_BLOCK_CAPTURE_AUTORELEASING = YES;
				CLANG_WARN_BOOL_CONVERSION = YES;
				CLANG_WARN_COMMA = YES;
				CLANG_WARN_CONSTANT_CONVERSION = YES;
				CLANG_WARN_DEPRECATED_OBJC_IMPLEMENTATIONS = YES;
				CLANG_WARN_DIRECT_OBJC_ISA_USAGE = YES_ERROR;
				CLANG_WARN_DOCUMENTATION_COMMENTS = YES;
				CLANG_WARN_EMPTY_BODY = YES;
				CLANG_WARN_ENUM_CONVERSION = YES;
				CLANG_WARN_INFINITE_RECURSION = YES;
				CLANG_WARN_INT_CONVERSION = YES;
				CLANG_WARN_NON_LITERAL_NULL_CONVERSION = YES;
				CLANG_WARN_OBJC_IMPLICIT_RETAIN_SELF = YES;
				CLANG_WARN_OBJC_LITERAL_CONVERSION = YES;
				CLANG_WARN_OBJC_ROOT_CLASS = YES_ERROR;
				CLANG_WARN_RANGE_LOOP_ANALYSIS = YES;
				CLANG_WARN_STRICT_PROTOTYPES = YES;
				CLANG_WARN_SUSPICIOUS_MOVE = YES;
				CLANG_WARN_UNGUARDED_AVAILABILITY = YES_AGGRESSIVE;
				CLANG_WARN_UNREACHABLE_CODE = YES;
				CLANG_WARN__DUPLICATE_METHOD_MATCH = YES;
				CODE_SIGN_IDENTITY = "iPhone Developer";
				COPY_PHASE_STRIP = NO;
				DEBUG_INFORMATION_FORMAT = dwarf;
				ENABLE_STRICT_OBJC_MSGSEND = YES;
				ENABLE_TESTABILITY = YES;
				GCC_C_LANGUAGE_STANDARD = gnu11;
				GCC_DYNAMIC_NO_PIC = NO;
				GCC_NO_COMMON_BLOCKS = YES;
				GCC_OPTIMIZATION_LEVEL = 0;
				GCC_PREPROCESSOR_DEFINITIONS = (
					"DEBUG=1",
					"$(inherited)",
				);
				GCC_WARN_64_TO_32_BIT_CONVERSION = YES;
				GCC_WARN_ABOUT_RETURN_TYPE = YES_ERROR;
				GCC_WARN_UNDECLARED_SELECTOR = YES;
				GCC_WARN_UNINITIALIZED_AUTOS = YES_AGGRESSIVE;
				GCC_WARN_UNUSED_FUNCTION = YES;
				GCC_WARN_UNUSED_VARIABLE = YES;
				IPHONEOS_DEPLOYMENT_TARGET = 10.3;
				MTL_ENABLE_DEBUG_INFO = YES;
				ONLY_ACTIVE_ARCH = YES;
				SDKROOT = iphoneos;
				SWIFT_ACTIVE_COMPILATION_CONDITIONS = DEBUG;
				SWIFT_OPTIMIZATION_LEVEL = "-Onone";
			};
			name = Debug;
		};
		F61A1B4420AAA71E00C0D685 /* Release */ = {
			isa = XCBuildConfiguration;
			buildSettings = {
				ALWAYS_SEARCH_USER_PATHS = NO;
				CLANG_ANALYZER_NONNULL = YES;
				CLANG_ANALYZER_NUMBER_OBJECT_CONVERSION = YES_AGGRESSIVE;
				CLANG_CXX_LANGUAGE_STANDARD = "gnu++14";
				CLANG_CXX_LIBRARY = "libc++";
				CLANG_ENABLE_MODULES = YES;
				CLANG_ENABLE_OBJC_ARC = YES;
				CLANG_ENABLE_OBJC_WEAK = YES;
				CLANG_WARN_BLOCK_CAPTURE_AUTORELEASING = YES;
				CLANG_WARN_BOOL_CONVERSION = YES;
				CLANG_WARN_COMMA = YES;
				CLANG_WARN_CONSTANT_CONVERSION = YES;
				CLANG_WARN_DEPRECATED_OBJC_IMPLEMENTATIONS = YES;
				CLANG_WARN_DIRECT_OBJC_ISA_USAGE = YES_ERROR;
				CLANG_WARN_DOCUMENTATION_COMMENTS = YES;
				CLANG_WARN_EMPTY_BODY = YES;
				CLANG_WARN_ENUM_CONVERSION = YES;
				CLANG_WARN_INFINITE_RECURSION = YES;
				CLANG_WARN_INT_CONVERSION = YES;
				CLANG_WARN_NON_LITERAL_NULL_CONVERSION = YES;
				CLANG_WARN_OBJC_IMPLICIT_RETAIN_SELF = YES;
				CLANG_WARN_OBJC_LITERAL_CONVERSION = YES;
				CLANG_WARN_OBJC_ROOT_CLASS = YES_ERROR;
				CLANG_WARN_RANGE_LOOP_ANALYSIS = YES;
				CLANG_WARN_STRICT_PROTOTYPES = YES;
				CLANG_WARN_SUSPICIOUS_MOVE = YES;
				CLANG_WARN_UNGUARDED_AVAILABILITY = YES_AGGRESSIVE;
				CLANG_WARN_UNREACHABLE_CODE = YES;
				CLANG_WARN__DUPLICATE_METHOD_MATCH = YES;
				CODE_SIGN_IDENTITY = "iPhone Developer";
				COPY_PHASE_STRIP = NO;
				DEBUG_INFORMATION_FORMAT = "dwarf-with-dsym";
				ENABLE_NS_ASSERTIONS = NO;
				ENABLE_STRICT_OBJC_MSGSEND = YES;
				GCC_C_LANGUAGE_STANDARD = gnu11;
				GCC_NO_COMMON_BLOCKS = YES;
				GCC_WARN_64_TO_32_BIT_CONVERSION = YES;
				GCC_WARN_ABOUT_RETURN_TYPE = YES_ERROR;
				GCC_WARN_UNDECLARED_SELECTOR = YES;
				GCC_WARN_UNINITIALIZED_AUTOS = YES_AGGRESSIVE;
				GCC_WARN_UNUSED_FUNCTION = YES;
				GCC_WARN_UNUSED_VARIABLE = YES;
				IPHONEOS_DEPLOYMENT_TARGET = 10.3;
				MTL_ENABLE_DEBUG_INFO = NO;
				SDKROOT = iphoneos;
				SWIFT_COMPILATION_MODE = wholemodule;
				SWIFT_OPTIMIZATION_LEVEL = "-O";
				VALIDATE_PRODUCT = YES;
			};
			name = Release;
		};
		F61A1B4620AAA71E00C0D685 /* Debug */ = {
			isa = XCBuildConfiguration;
			buildSettings = {
				CODE_SIGN_STYLE = Manual;
				DEVELOPMENT_TEAM = "";
				INFOPLIST_FILE = Dynamic/Info.plist;
				LD_RUNPATH_SEARCH_PATHS = (
					"$(inherited)",
					"@executable_path/Frameworks",
				);
				PRODUCT_BUNDLE_IDENTIFIER = com.magicalboy.Dynamic;
				PRODUCT_NAME = "$(TARGET_NAME)";
				PROVISIONING_PROFILE_SPECIFIER = "";
				SWIFT_VERSION = 4.0;
				TARGETED_DEVICE_FAMILY = "1,2";
			};
			name = Debug;
		};
		F61A1B4720AAA71E00C0D685 /* Release */ = {
			isa = XCBuildConfiguration;
			buildSettings = {
				CODE_SIGN_STYLE = Manual;
				DEVELOPMENT_TEAM = "";
				INFOPLIST_FILE = Dynamic/Info.plist;
				LD_RUNPATH_SEARCH_PATHS = (
					"$(inherited)",
					"@executable_path/Frameworks",
				);
				PRODUCT_BUNDLE_IDENTIFIER = com.magicalboy.Dynamic;
				PRODUCT_NAME = "$(TARGET_NAME)";
				PROVISIONING_PROFILE_SPECIFIER = "";
				SWIFT_VERSION = 4.0;
				TARGETED_DEVICE_FAMILY = "1,2";
			};
			name = Release;
		};
/* End XCBuildConfiguration section */

/* Begin XCConfigurationList section */
		F61A1B2E20AAA71B00C0D685 /* Build configuration list for PBXProject "Dynamic" */ = {
			isa = XCConfigurationList;
			buildConfigurations = (
				F61A1B4320AAA71E00C0D685 /* Debug */,
				F61A1B4420AAA71E00C0D685 /* Release */,
			);
			defaultConfigurationIsVisible = 0;
			defaultConfigurationName = Release;
		};
		F61A1B4520AAA71E00C0D685 /* Build configuration list for PBXNativeTarget "Dynamic" */ = {
			isa = XCConfigurationList;
			buildConfigurations = (
				F61A1B4620AAA71E00C0D685 /* Debug */,
				F61A1B4720AAA71E00C0D685 /* Release */,
			);
			defaultConfigurationIsVisible = 0;
			defaultConfigurationName = Release;
		};
/* End XCConfigurationList section */
	};
	rootObject = F61A1B2B20AAA71B00C0D685 /* Project object */;
}
